
Microsoft Visual Studio Solution File, Format Version 12.00
# Visual Studio Version 17
VisualStudioVersion = 17.4.33213.308
MinimumVisualStudioVersion = 10.0.40219.1
Project("{9A19103F-16F7-4668-BE54-9A1E7A4F7556}") = "UserService.Api", "UserService.Api\UserService.Api.csproj", "{17A194BA-9764-4F11-ADFF-8EF81366D202}"
EndProject
Project("{9A19103F-16F7-4668-BE54-9A1E7A4F7556}") = "UserService.DAL", "UserService.DAL\UserService.DAL.csproj", "{53E9D5FA-4F53-4043-822F-3BBCBD6E9709}"
EndProject
Project("{9A19103F-16F7-4668-BE54-9A1E7A4F7556}") = "UserService.Services", "UserService.Services\UserService.Services.csproj", "{D89B648D-A444-4429-87CB-6E935B4D6B5F}"
EndProject
Project("{9A19103F-16F7-4668-BE54-9A1E7A4F7556}") = "UserService.Dtos", "UserService.Dtos\UserService.Dtos.csproj", "{88377519-D068-4050-9A17-3AB237AA3BEA}"
EndProject
Project("{9A19103F-16F7-4668-BE54-9A1E7A4F7556}") = "Shared", "..\Shared\Shared\Shared.csproj", "{21838EF3-84D2-4874-B29E-12C0CB303066}"
EndProject
Global
	GlobalSection(SolutionConfigurationPlatforms) = preSolution
		Debug|Any CPU = Debug|Any CPU
		Release|Any CPU = Release|Any CPU
	EndGlobalSection
	GlobalSection(ProjectConfigurationPlatforms) = postSolution
		{17A194BA-9764-4F11-ADFF-8EF81366D202}.Debug|Any CPU.ActiveCfg = Debug|Any CPU
		{17A194BA-9764-4F11-ADFF-8EF81366D202}.Debug|Any CPU.Build.0 = Debug|Any CPU
		{17A194BA-9764-4F11-ADFF-8EF81366D202}.Release|Any CPU.ActiveCfg = Release|Any CPU
		{17A194BA-9764-4F11-ADFF-8EF81366D202}.Release|Any CPU.Build.0 = Release|Any CPU
		{53E9D5FA-4F53-4043-822F-3BBCBD6E9709}.Debug|Any CPU.ActiveCfg = Debug|Any CPU
		{53E9D5FA-4F53-4043-822F-3BBCBD6E9709}.Debug|Any CPU.Build.0 = Debug|Any CPU
		{53E9D5FA-4F53-4043-822F-3BBCBD6E9709}.Release|Any CPU.ActiveCfg = Release|Any CPU
		{53E9D5FA-4F53-4043-822F-3BBCBD6E9709}.Release|Any CPU.Build.0 = Release|Any CPU
		{D89B648D-A444-4429-87CB-6E935B4D6B5F}.Debug|Any CPU.ActiveCfg = Debug|Any CPU
		{D89B648D-A444-4429-87CB-6E935B4D6B5F}.Debug|Any CPU.Build.0 = Debug|Any CPU
		{D89B648D-A444-4429-87CB-6E935B4D6B5F}.Release|Any CPU.ActiveCfg = Release|Any CPU
		{D89B648D-A444-4429-87CB-6E935B4D6B5F}.Release|Any CPU.Build.0 = Release|Any CPU
		{88377519-D068-4050-9A17-3AB237AA3BEA}.Debug|Any CPU.ActiveCfg = Debug|Any CPU
		{88377519-D068-4050-9A17-3AB237AA3BEA}.Debug|Any CPU.Build.0 = Debug|Any CPU
		{88377519-D068-4050-9A17-3AB237AA3BEA}.Release|Any CPU.ActiveCfg = Release|Any CPU
		{88377519-D068-4050-9A17-3AB237AA3BEA}.Release|Any CPU.Build.0 = Release|Any CPU
		{21838EF3-84D2-4874-B29E-12C0CB303066}.Debug|Any CPU.ActiveCfg = Debug|Any CPU
		{21838EF3-84D2-4874-B29E-12C0CB303066}.Debug|Any CPU.Build.0 = Debug|Any CPU
		{21838EF3-84D2-4874-B29E-12C0CB303066}.Release|Any CPU.ActiveCfg = Release|Any CPU
		{21838EF3-84D2-4874-B29E-12C0CB303066}.Release|Any CPU.Build.0 = Release|Any CPU
	EndGlobalSection
	GlobalSection(SolutionProperties) = preSolution
		HideSolutionNode = FALSE
	EndGlobalSection
	GlobalSection(ExtensibilityGlobals) = postSolution
		SolutionGuid = {8199D785-D0AF-46CF-84A2-1B864545E3D4}
	EndGlobalSection
EndGlobal
